
Microsoft Visual Studio Solution File, Format Version 12.00
# Visual Studio Version 16
VisualStudioVersion = 16.0.31424.327
MinimumVisualStudioVersion = 10.0.40219.1
Project("{FAE04EC0-301F-11D3-BF4B-00C04F79EFBC}") = "RMDataManager", "RMDataManager\RMDataManager.csproj", "{7E4B5E7A-9499-4A32-AA49-C71AE7E21B95}"
EndProject
Project("{00D1A9C2-B5F0-4AF3-8072-F6C62B433612}") = "RMData", "RMData\RMData.sqlproj", "{D82378EB-0619-4388-AD9E-EEA8CF5ED091}"
EndProject
Global
	GlobalSection(SolutionConfigurationPlatforms) = preSolution
		Debug|Any CPU = Debug|Any CPU
		Release|Any CPU = Release|Any CPU
	EndGlobalSection
	GlobalSection(ProjectConfigurationPlatforms) = postSolution
		{7E4B5E7A-9499-4A32-AA49-C71AE7E21B95}.Debug|Any CPU.ActiveCfg = Debug|Any CPU
		{7E4B5E7A-9499-4A32-AA49-C71AE7E21B95}.Debug|Any CPU.Build.0 = Debug|Any CPU
		{7E4B5E7A-9499-4A32-AA49-C71AE7E21B95}.Release|Any CPU.ActiveCfg = Release|Any CPU
		{7E4B5E7A-9499-4A32-AA49-C71AE7E21B95}.Release|Any CPU.Build.0 = Release|Any CPU
		{D82378EB-0619-4388-AD9E-EEA8CF5ED091}.Debug|Any CPU.ActiveCfg = Debug|Any CPU
		{D82378EB-0619-4388-AD9E-EEA8CF5ED091}.Debug|Any CPU.Build.0 = Debug|Any CPU
		{D82378EB-0619-4388-AD9E-EEA8CF5ED091}.Debug|Any CPU.Deploy.0 = Debug|Any CPU
		{D82378EB-0619-4388-AD9E-EEA8CF5ED091}.Release|Any CPU.ActiveCfg = Release|Any CPU
		{D82378EB-0619-4388-AD9E-EEA8CF5ED091}.Release|Any CPU.Build.0 = Release|Any CPU
		{D82378EB-0619-4388-AD9E-EEA8CF5ED091}.Release|Any CPU.Deploy.0 = Release|Any CPU
	EndGlobalSection
	GlobalSection(SolutionProperties) = preSolution
		HideSolutionNode = FALSE
	EndGlobalSection
	GlobalSection(ExtensibilityGlobals) = postSolution
		SolutionGuid = {B8006FB5-E19B-4A98-8759-1B969B97BC6E}
	EndGlobalSection
EndGlobal
